id: bfutils_ula_sim
label: Uniform Linear Array Simulator
category: '[bfutils]'
flags: [python,]

templates:
  imports: import bfutils
  make: bfutils.ula_sim(${num_elements}, ${sep_lambda}, ${angle_degrees}, ${log_response})
  callbacks:
  - set_sep_lambda(${sep_lambda})
  - set_angle_degrees(${angle_degrees})
  - set_log_response(${log_response})

parameters:
- id: num_elements
  label: Number of Apertures
  dtype: int
  default: 4
- id: sep_lambda
  label: Separation in Wavelengths
  dtype: float
  default: 0.5
- id: angle_degrees
  label: Angle to Target (degrees)
  dtype: float
  default: 45
- id: log_response
  label: Log Response
  dtype: bool
  default: True

inputs:
- label: in
  domain: stream
  dtype: complex
  vlen: 1
- label: weights
  domain: message
  optional: 1

outputs:
- label: out
  domain: stream
  dtype: complex
  vlen: ${num_elements}
- label: plot
  domain: message
  optional: 1

file_format: 1
